
Microsoft Visual Studio Solution File, Format Version 12.00
Project("{FAE04EC0-301F-11D3-BF4B-00C04F79EFBC}") = "TwoSum", "TwoSum\TwoSum.csproj", "{1D550052-7C9B-42DA-992A-990E72810464}"
EndProject
Project("{2150E333-8FDC-42A3-9474-1A3956D46DE8}") = "src", "src", "{B8FCD218-EAFE-440C-ADF9-FC75CCDFCBA4}"
EndProject
Project("{2150E333-8FDC-42A3-9474-1A3956D46DE8}") = "tests", "tests", "{7C885689-AE87-4253-B4ED-81B59E1C7670}"
EndProject
Project("{FAE04EC0-301F-11D3-BF4B-00C04F79EFBC}") = "TwoSumTests", "TwoSumTests\TwoSumTests.csproj", "{B048D8C3-9CE5-4F5C-B524-ADE6A357B3CE}"
EndProject
Project("{FAE04EC0-301F-11D3-BF4B-00C04F79EFBC}") = "AddTwoNumbersTests", "AddTwoNumbersTests\AddTwoNumbersTests.csproj", "{2CC6F00C-7447-4476-B267-842FBF3B5557}"
EndProject
Project("{FAE04EC0-301F-11D3-BF4B-00C04F79EFBC}") = "AddTwoNumbers", "AddTwoNumbers\AddTwoNumbers.csproj", "{383DC7C4-D27D-42F4-AA5F-795F973FF070}"
EndProject
Project("{FAE04EC0-301F-11D3-BF4B-00C04F79EFBC}") = "PalindromeNumber", "PalindromeNumber\PalindromeNumber.csproj", "{8BD68F4E-BDA7-417D-ACF8-C058A21B4836}"
EndProject
Project("{FAE04EC0-301F-11D3-BF4B-00C04F79EFBC}") = "PalindromeNumberTest", "PalindromeNumberTest\PalindromeNumberTest.csproj", "{8D01A0F1-53C3-49A7-97C4-A0450B3D4220}"
EndProject
Project("{FAE04EC0-301F-11D3-BF4B-00C04F79EFBC}") = "MergeTwoSortedList", "MergeTwoSortedList\MergeTwoSortedList.csproj", "{09BBC00E-AB90-42E7-8C53-935E0BD021B6}"
EndProject
Project("{FAE04EC0-301F-11D3-BF4B-00C04F79EFBC}") = "MergeTwoSortedListTests", "MergeTwoSortedListTests\MergeTwoSortedListTests.csproj", "{98490081-BCB7-4CA1-BA4D-7C92DD119E8F}"
EndProject
Project("{FAE04EC0-301F-11D3-BF4B-00C04F79EFBC}") = "LongestCommonPrefix", "LongestCommonPrefix\LongestCommonPrefix.csproj", "{FFB77648-3BF0-4454-A617-4212C2813C07}"
EndProject
Project("{FAE04EC0-301F-11D3-BF4B-00C04F79EFBC}") = "LongestCommonPrefixTests", "LongestCommonPrefixTests\LongestCommonPrefixTests.csproj", "{6527CAB1-1F79-44DA-B752-70ED38ACCCA1}"
EndProject
Global
	GlobalSection(SolutionConfigurationPlatforms) = preSolution
		Debug|Any CPU = Debug|Any CPU
		Release|Any CPU = Release|Any CPU
	EndGlobalSection
	GlobalSection(ProjectConfigurationPlatforms) = postSolution
		{1D550052-7C9B-42DA-992A-990E72810464}.Debug|Any CPU.ActiveCfg = Debug|Any CPU
		{1D550052-7C9B-42DA-992A-990E72810464}.Debug|Any CPU.Build.0 = Debug|Any CPU
		{1D550052-7C9B-42DA-992A-990E72810464}.Release|Any CPU.ActiveCfg = Release|Any CPU
		{1D550052-7C9B-42DA-992A-990E72810464}.Release|Any CPU.Build.0 = Release|Any CPU
		{B048D8C3-9CE5-4F5C-B524-ADE6A357B3CE}.Debug|Any CPU.ActiveCfg = Debug|Any CPU
		{B048D8C3-9CE5-4F5C-B524-ADE6A357B3CE}.Debug|Any CPU.Build.0 = Debug|Any CPU
		{B048D8C3-9CE5-4F5C-B524-ADE6A357B3CE}.Release|Any CPU.ActiveCfg = Release|Any CPU
		{B048D8C3-9CE5-4F5C-B524-ADE6A357B3CE}.Release|Any CPU.Build.0 = Release|Any CPU
		{2CC6F00C-7447-4476-B267-842FBF3B5557}.Debug|Any CPU.ActiveCfg = Debug|Any CPU
		{2CC6F00C-7447-4476-B267-842FBF3B5557}.Debug|Any CPU.Build.0 = Debug|Any CPU
		{2CC6F00C-7447-4476-B267-842FBF3B5557}.Release|Any CPU.ActiveCfg = Release|Any CPU
		{2CC6F00C-7447-4476-B267-842FBF3B5557}.Release|Any CPU.Build.0 = Release|Any CPU
		{383DC7C4-D27D-42F4-AA5F-795F973FF070}.Debug|Any CPU.ActiveCfg = Debug|Any CPU
		{383DC7C4-D27D-42F4-AA5F-795F973FF070}.Debug|Any CPU.Build.0 = Debug|Any CPU
		{383DC7C4-D27D-42F4-AA5F-795F973FF070}.Release|Any CPU.ActiveCfg = Release|Any CPU
		{383DC7C4-D27D-42F4-AA5F-795F973FF070}.Release|Any CPU.Build.0 = Release|Any CPU
		{8BD68F4E-BDA7-417D-ACF8-C058A21B4836}.Debug|Any CPU.ActiveCfg = Debug|Any CPU
		{8BD68F4E-BDA7-417D-ACF8-C058A21B4836}.Debug|Any CPU.Build.0 = Debug|Any CPU
		{8BD68F4E-BDA7-417D-ACF8-C058A21B4836}.Release|Any CPU.ActiveCfg = Release|Any CPU
		{8BD68F4E-BDA7-417D-ACF8-C058A21B4836}.Release|Any CPU.Build.0 = Release|Any CPU
		{8D01A0F1-53C3-49A7-97C4-A0450B3D4220}.Debug|Any CPU.ActiveCfg = Debug|Any CPU
		{8D01A0F1-53C3-49A7-97C4-A0450B3D4220}.Debug|Any CPU.Build.0 = Debug|Any CPU
		{8D01A0F1-53C3-49A7-97C4-A0450B3D4220}.Release|Any CPU.ActiveCfg = Release|Any CPU
		{8D01A0F1-53C3-49A7-97C4-A0450B3D4220}.Release|Any CPU.Build.0 = Release|Any CPU
		{09BBC00E-AB90-42E7-8C53-935E0BD021B6}.Debug|Any CPU.ActiveCfg = Debug|Any CPU
		{09BBC00E-AB90-42E7-8C53-935E0BD021B6}.Debug|Any CPU.Build.0 = Debug|Any CPU
		{09BBC00E-AB90-42E7-8C53-935E0BD021B6}.Release|Any CPU.ActiveCfg = Release|Any CPU
		{09BBC00E-AB90-42E7-8C53-935E0BD021B6}.Release|Any CPU.Build.0 = Release|Any CPU
		{98490081-BCB7-4CA1-BA4D-7C92DD119E8F}.Debug|Any CPU.ActiveCfg = Debug|Any CPU
		{98490081-BCB7-4CA1-BA4D-7C92DD119E8F}.Debug|Any CPU.Build.0 = Debug|Any CPU
		{98490081-BCB7-4CA1-BA4D-7C92DD119E8F}.Release|Any CPU.ActiveCfg = Release|Any CPU
		{98490081-BCB7-4CA1-BA4D-7C92DD119E8F}.Release|Any CPU.Build.0 = Release|Any CPU
		{FFB77648-3BF0-4454-A617-4212C2813C07}.Debug|Any CPU.ActiveCfg = Debug|Any CPU
		{FFB77648-3BF0-4454-A617-4212C2813C07}.Debug|Any CPU.Build.0 = Debug|Any CPU
		{FFB77648-3BF0-4454-A617-4212C2813C07}.Release|Any CPU.ActiveCfg = Release|Any CPU
		{FFB77648-3BF0-4454-A617-4212C2813C07}.Release|Any CPU.Build.0 = Release|Any CPU
		{6527CAB1-1F79-44DA-B752-70ED38ACCCA1}.Debug|Any CPU.ActiveCfg = Debug|Any CPU
		{6527CAB1-1F79-44DA-B752-70ED38ACCCA1}.Debug|Any CPU.Build.0 = Debug|Any CPU
		{6527CAB1-1F79-44DA-B752-70ED38ACCCA1}.Release|Any CPU.ActiveCfg = Release|Any CPU
		{6527CAB1-1F79-44DA-B752-70ED38ACCCA1}.Release|Any CPU.Build.0 = Release|Any CPU
	EndGlobalSection
	GlobalSection(NestedProjects) = preSolution
		{1D550052-7C9B-42DA-992A-990E72810464} = {B8FCD218-EAFE-440C-ADF9-FC75CCDFCBA4}
		{B048D8C3-9CE5-4F5C-B524-ADE6A357B3CE} = {7C885689-AE87-4253-B4ED-81B59E1C7670}
		{2CC6F00C-7447-4476-B267-842FBF3B5557} = {7C885689-AE87-4253-B4ED-81B59E1C7670}
		{383DC7C4-D27D-42F4-AA5F-795F973FF070} = {B8FCD218-EAFE-440C-ADF9-FC75CCDFCBA4}
		{8BD68F4E-BDA7-417D-ACF8-C058A21B4836} = {B8FCD218-EAFE-440C-ADF9-FC75CCDFCBA4}
		{8D01A0F1-53C3-49A7-97C4-A0450B3D4220} = {7C885689-AE87-4253-B4ED-81B59E1C7670}
		{09BBC00E-AB90-42E7-8C53-935E0BD021B6} = {B8FCD218-EAFE-440C-ADF9-FC75CCDFCBA4}
		{98490081-BCB7-4CA1-BA4D-7C92DD119E8F} = {7C885689-AE87-4253-B4ED-81B59E1C7670}
		{FFB77648-3BF0-4454-A617-4212C2813C07} = {B8FCD218-EAFE-440C-ADF9-FC75CCDFCBA4}
		{6527CAB1-1F79-44DA-B752-70ED38ACCCA1} = {7C885689-AE87-4253-B4ED-81B59E1C7670}
	EndGlobalSection
EndGlobal
